
Microsoft Visual Studio Solution File, Format Version 12.00
# Visual Studio Version 16
VisualStudioVersion = 16.0.29519.181
MinimumVisualStudioVersion = 10.0.40219.1
Project("{FAE04EC0-301F-11D3-BF4B-00C04F79EFBC}") = "StarGateway", "StarGateway\StarGateway.csproj", "{B29D5C23-5FFF-4681-9DD0-B7846E10B1BA}"
EndProject
Project("{9A19103F-16F7-4668-BE54-9A1E7A4F7556}") = "TaskStarGateWay", "TaskStarGateWay\TaskStarGateWay.csproj", "{58AAB149-542F-4AB6-9321-57C5D04DE0A2}"
EndProject
Project("{9A19103F-16F7-4668-BE54-9A1E7A4F7556}") = "CommonBase", "..\CommonBase\CommonBase.csproj", "{3C69C417-5971-4C7D-BD67-3C0D3CFC785C}"
EndProject
Project("{9A19103F-16F7-4668-BE54-9A1E7A4F7556}") = "AttDataSupport", "..\AttDataSupport\AttDataSupport.csproj", "{D91B8079-8211-4115-815E-6E3DB0C1B465}"
EndProject
Project("{9A19103F-16F7-4668-BE54-9A1E7A4F7556}") = "AttApiViewModal", "..\AttApiViewModal\AttApiViewModal.csproj", "{CC03BF6A-8847-4D0C-8925-567991374EAA}"
EndProject
Global
	GlobalSection(SolutionConfigurationPlatforms) = preSolution
		Debug|Any CPU = Debug|Any CPU
		Release|Any CPU = Release|Any CPU
	EndGlobalSection
	GlobalSection(ProjectConfigurationPlatforms) = postSolution
		{B29D5C23-5FFF-4681-9DD0-B7846E10B1BA}.Debug|Any CPU.ActiveCfg = Debug|Any CPU
		{B29D5C23-5FFF-4681-9DD0-B7846E10B1BA}.Debug|Any CPU.Build.0 = Debug|Any CPU
		{B29D5C23-5FFF-4681-9DD0-B7846E10B1BA}.Release|Any CPU.ActiveCfg = Release|Any CPU
		{B29D5C23-5FFF-4681-9DD0-B7846E10B1BA}.Release|Any CPU.Build.0 = Release|Any CPU
		{58AAB149-542F-4AB6-9321-57C5D04DE0A2}.Debug|Any CPU.ActiveCfg = Debug|Any CPU
		{58AAB149-542F-4AB6-9321-57C5D04DE0A2}.Debug|Any CPU.Build.0 = Debug|Any CPU
		{58AAB149-542F-4AB6-9321-57C5D04DE0A2}.Release|Any CPU.ActiveCfg = Release|Any CPU
		{58AAB149-542F-4AB6-9321-57C5D04DE0A2}.Release|Any CPU.Build.0 = Release|Any CPU
		{3C69C417-5971-4C7D-BD67-3C0D3CFC785C}.Debug|Any CPU.ActiveCfg = Debug|Any CPU
		{3C69C417-5971-4C7D-BD67-3C0D3CFC785C}.Debug|Any CPU.Build.0 = Debug|Any CPU
		{3C69C417-5971-4C7D-BD67-3C0D3CFC785C}.Release|Any CPU.ActiveCfg = Release|Any CPU
		{3C69C417-5971-4C7D-BD67-3C0D3CFC785C}.Release|Any CPU.Build.0 = Release|Any CPU
		{D91B8079-8211-4115-815E-6E3DB0C1B465}.Debug|Any CPU.ActiveCfg = Debug|Any CPU
		{D91B8079-8211-4115-815E-6E3DB0C1B465}.Debug|Any CPU.Build.0 = Debug|Any CPU
		{D91B8079-8211-4115-815E-6E3DB0C1B465}.Release|Any CPU.ActiveCfg = Release|Any CPU
		{D91B8079-8211-4115-815E-6E3DB0C1B465}.Release|Any CPU.Build.0 = Release|Any CPU
		{CC03BF6A-8847-4D0C-8925-567991374EAA}.Debug|Any CPU.ActiveCfg = Debug|Any CPU
		{CC03BF6A-8847-4D0C-8925-567991374EAA}.Debug|Any CPU.Build.0 = Debug|Any CPU
		{CC03BF6A-8847-4D0C-8925-567991374EAA}.Release|Any CPU.ActiveCfg = Release|Any CPU
		{CC03BF6A-8847-4D0C-8925-567991374EAA}.Release|Any CPU.Build.0 = Release|Any CPU
	EndGlobalSection
	GlobalSection(SolutionProperties) = preSolution
		HideSolutionNode = FALSE
	EndGlobalSection
	GlobalSection(ExtensibilityGlobals) = postSolution
		SolutionGuid = {E273CD31-6730-4C6F-BDC7-4A8C453FA5F0}
	EndGlobalSection
EndGlobal
